
Microsoft Visual Studio Solution File, Format Version 12.00
# Visual Studio Version 16
VisualStudioVersion = 16.0.29102.190
MinimumVisualStudioVersion = 10.0.40219.1
Project("{FAE04EC0-301F-11D3-BF4B-00C04F79EFBC}") = "JlveTaxSystemGuiZhou", "JlveTaxSystemGuiZhou\JlveTaxSystemGuiZhou.csproj", "{92CF4C5F-7658-4D46-82C1-CD61CA1D9528}"
EndProject
Global
	GlobalSection(SolutionConfigurationPlatforms) = preSolution
		Debug|Any CPU = Debug|Any CPU
		Release|Any CPU = Release|Any CPU
	EndGlobalSection
	GlobalSection(ProjectConfigurationPlatforms) = postSolution
		{92CF4C5F-7658-4D46-82C1-CD61CA1D9528}.Debug|Any CPU.ActiveCfg = Debug|Any CPU
		{92CF4C5F-7658-4D46-82C1-CD61CA1D9528}.Debug|Any CPU.Build.0 = Debug|Any CPU
		{92CF4C5F-7658-4D46-82C1-CD61CA1D9528}.Release|Any CPU.ActiveCfg = Release|Any CPU
		{92CF4C5F-7658-4D46-82C1-CD61CA1D9528}.Release|Any CPU.Build.0 = Release|Any CPU
	EndGlobalSection
	GlobalSection(SolutionProperties) = preSolution
		HideSolutionNode = FALSE
	EndGlobalSection
	GlobalSection(ExtensibilityGlobals) = postSolution
		SolutionGuid = {F5168466-12EF-4BBB-8B55-096E0DBB5F2A}
	EndGlobalSection
EndGlobal
